
Microsoft Visual Studio Solution File, Format Version 12.00
# Visual Studio Version 16
VisualStudioVersion = 16.0.30320.27
MinimumVisualStudioVersion = 10.0.40219.1
Project("{FAE04EC0-301F-11D3-BF4B-00C04F79EFBC}") = "PracticaInterfaces", "PracticaInterfaces\PracticaInterfaces.csproj", "{232D3947-66E9-4B1D-92A3-7D4E635202DD}"
EndProject
Global
	GlobalSection(SolutionConfigurationPlatforms) = preSolution
		Debug|Any CPU = Debug|Any CPU
		Release|Any CPU = Release|Any CPU
	EndGlobalSection
	GlobalSection(ProjectConfigurationPlatforms) = postSolution
		{232D3947-66E9-4B1D-92A3-7D4E635202DD}.Debug|Any CPU.ActiveCfg = Debug|Any CPU
		{232D3947-66E9-4B1D-92A3-7D4E635202DD}.Debug|Any CPU.Build.0 = Debug|Any CPU
		{232D3947-66E9-4B1D-92A3-7D4E635202DD}.Release|Any CPU.ActiveCfg = Release|Any CPU
		{232D3947-66E9-4B1D-92A3-7D4E635202DD}.Release|Any CPU.Build.0 = Release|Any CPU
	EndGlobalSection
	GlobalSection(SolutionProperties) = preSolution
		HideSolutionNode = FALSE
	EndGlobalSection
	GlobalSection(ExtensibilityGlobals) = postSolution
		SolutionGuid = {51280372-A773-4FE3-9776-D4A56E6236E4}
	EndGlobalSection
EndGlobal
